// !$*UTF8*$!
{
	archiveVersion = 1;
	classes = {
	};
	objectVersion = 63;
	objects = {

/* Begin PBXBuildFile section */
		179386EA8E7876E28204D118 /* Pods_TFYSwiftSSRUilt.framework in Frameworks */ = {isa = PBXBuildFile; fileRef = 03B8A18B95507F28E7121A8C /* Pods_TFYSwiftSSRUilt.framework */; };
		36C567AC2D51F85B00857950 /* NetworkExtension.framework in Frameworks */ = {isa = PBXBuildFile; fileRef = 36C567972D51F81F00857950 /* NetworkExtension.framework */; };
		36C567B42D51F85B00857950 /* PacketSwift.appex in Embed Foundation Extensions */ = {isa = PBXBuildFile; fileRef = 36C567AB2D51F85B00857950 /* PacketSwift.appex */; settings = {ATTRIBUTES = (RemoveHeadersOnCopy, ); }; };
		36C567C52D51F92900857950 /* Assets.xcassets in Resources */ = {isa = PBXBuildFile; fileRef = 36C567BB2D51F92900857950 /* Assets.xcassets */; };
		36C567C72D51F92900857950 /* LaunchScreen.storyboard in Resources */ = {isa = PBXBuildFile; fileRef = 36C567BE2D51F92900857950 /* LaunchScreen.storyboard */; };
		36C567C82D51F92900857950 /* Main.storyboard in Resources */ = {isa = PBXBuildFile; fileRef = 36C567C02D51F92900857950 /* Main.storyboard */; };
		36C567C92D51F92900857950 /* AppDelegate.swift in Sources */ = {isa = PBXBuildFile; fileRef = 36C567BA2D51F92900857950 /* AppDelegate.swift */; };
		36C567CA2D51F92900857950 /* SceneDelegate.swift in Sources */ = {isa = PBXBuildFile; fileRef = 36C567C12D51F92900857950 /* SceneDelegate.swift */; };
		36C567CB2D51F92900857950 /* ViewController.swift in Sources */ = {isa = PBXBuildFile; fileRef = 36C567C32D51F92900857950 /* ViewController.swift */; };
		36C567D02D51F92C00857950 /* PacketTunnelProvider.swift in Sources */ = {isa = PBXBuildFile; fileRef = 36C567CE2D51F92C00857950 /* PacketTunnelProvider.swift */; };
/* End PBXBuildFile section */

/* Begin PBXContainerItemProxy section */
		36C567B22D51F85B00857950 /* PBXContainerItemProxy */ = {
			isa = PBXContainerItemProxy;
			containerPortal = 363B3E932D4F6AE500BC628D /* Project object */;
			proxyType = 1;
			remoteGlobalIDString = 36C567AA2D51F85B00857950;
			remoteInfo = PacketSwift;
		};
/* End PBXContainerItemProxy section */

/* Begin PBXCopyFilesBuildPhase section */
		36C567A22D51F81F00857950 /* Embed Foundation Extensions */ = {
			isa = PBXCopyFilesBuildPhase;
			buildActionMask = 2147483647;
			dstPath = "";
			dstSubfolderSpec = 13;
			files = (
				36C567B42D51F85B00857950 /* PacketSwift.appex in Embed Foundation Extensions */,
			);
			name = "Embed Foundation Extensions";
			runOnlyForDeploymentPostprocessing = 0;
		};
/* End PBXCopyFilesBuildPhase section */

/* Begin PBXFileReference section */
		03B8A18B95507F28E7121A8C /* Pods_TFYSwiftSSRUilt.framework */ = {isa = PBXFileReference; explicitFileType = wrapper.framework; includeInIndex = 0; path = Pods_TFYSwiftSSRUilt.framework; sourceTree = BUILT_PRODUCTS_DIR; };
		282BACC2A0D204E2E3F495E0 /* Pods-TFYSwiftSSRUilt.debug.xcconfig */ = {isa = PBXFileReference; includeInIndex = 1; lastKnownFileType = text.xcconfig; name = "Pods-TFYSwiftSSRUilt.debug.xcconfig"; path = "Target Support Files/Pods-TFYSwiftSSRUilt/Pods-TFYSwiftSSRUilt.debug.xcconfig"; sourceTree = "<group>"; };
		363B3E9B2D4F6AE500BC628D /* TFYSwiftSSRUilt.app */ = {isa = PBXFileReference; explicitFileType = wrapper.application; includeInIndex = 0; path = TFYSwiftSSRUilt.app; sourceTree = BUILT_PRODUCTS_DIR; };
		36C567972D51F81F00857950 /* NetworkExtension.framework */ = {isa = PBXFileReference; lastKnownFileType = wrapper.framework; name = NetworkExtension.framework; path = System/Library/Frameworks/NetworkExtension.framework; sourceTree = SDKROOT; };
		36C567AB2D51F85B00857950 /* PacketSwift.appex */ = {isa = PBXFileReference; explicitFileType = "wrapper.app-extension"; includeInIndex = 0; path = PacketSwift.appex; sourceTree = BUILT_PRODUCTS_DIR; };
		36C567BA2D51F92900857950 /* AppDelegate.swift */ = {isa = PBXFileReference; lastKnownFileType = sourcecode.swift; path = AppDelegate.swift; sourceTree = "<group>"; };
		36C567BB2D51F92900857950 /* Assets.xcassets */ = {isa = PBXFileReference; lastKnownFileType = folder.assetcatalog; path = Assets.xcassets; sourceTree = "<group>"; };
		36C567BC2D51F92900857950 /* Info.plist */ = {isa = PBXFileReference; lastKnownFileType = text.plist.xml; path = Info.plist; sourceTree = "<group>"; };
		36C567BD2D51F92900857950 /* Base */ = {isa = PBXFileReference; lastKnownFileType = file.storyboard; name = Base; path = Base.lproj/LaunchScreen.storyboard; sourceTree = "<group>"; };
		36C567BF2D51F92900857950 /* Base */ = {isa = PBXFileReference; lastKnownFileType = file.storyboard; name = Base; path = Base.lproj/Main.storyboard; sourceTree = "<group>"; };
		36C567C12D51F92900857950 /* SceneDelegate.swift */ = {isa = PBXFileReference; lastKnownFileType = sourcecode.swift; path = SceneDelegate.swift; sourceTree = "<group>"; };
		36C567C22D51F92900857950 /* TFYSwiftSSRUilt.entitlements */ = {isa = PBXFileReference; lastKnownFileType = text.plist.entitlements; path = TFYSwiftSSRUilt.entitlements; sourceTree = "<group>"; };
		36C567C32D51F92900857950 /* ViewController.swift */ = {isa = PBXFileReference; lastKnownFileType = sourcecode.swift; path = ViewController.swift; sourceTree = "<group>"; };
		36C567CC2D51F92C00857950 /* Info.plist */ = {isa = PBXFileReference; lastKnownFileType = text.plist.xml; path = Info.plist; sourceTree = "<group>"; };
		36C567CD2D51F92C00857950 /* PacketSwift.entitlements */ = {isa = PBXFileReference; lastKnownFileType = text.plist.entitlements; path = PacketSwift.entitlements; sourceTree = "<group>"; };
		36C567CE2D51F92C00857950 /* PacketTunnelProvider.swift */ = {isa = PBXFileReference; lastKnownFileType = sourcecode.swift; path = PacketTunnelProvider.swift; sourceTree = "<group>"; };
		BA9FC14F2702E846C9F5BD49 /* Pods-TFYSwiftSSRUilt.release.xcconfig */ = {isa = PBXFileReference; includeInIndex = 1; lastKnownFileType = text.xcconfig; name = "Pods-TFYSwiftSSRUilt.release.xcconfig"; path = "Target Support Files/Pods-TFYSwiftSSRUilt/Pods-TFYSwiftSSRUilt.release.xcconfig"; sourceTree = "<group>"; };
/* End PBXFileReference section */

/* Begin PBXFrameworksBuildPhase section */
		363B3E982D4F6AE500BC628D /* Frameworks */ = {
			isa = PBXFrameworksBuildPhase;
			buildActionMask = 2147483647;
			files = (
				179386EA8E7876E28204D118 /* Pods_TFYSwiftSSRUilt.framework in Frameworks */,
			);
			runOnlyForDeploymentPostprocessing = 0;
		};
		36C567A82D51F85B00857950 /* Frameworks */ = {
			isa = PBXFrameworksBuildPhase;
			buildActionMask = 2147483647;
			files = (
				36C567AC2D51F85B00857950 /* NetworkExtension.framework in Frameworks */,
			);
			runOnlyForDeploymentPostprocessing = 0;
		};
/* End PBXFrameworksBuildPhase section */

/* Begin PBXGroup section */
		1C154AF9EB5D0A8F0DBAB122 /* Frameworks */ = {
			isa = PBXGroup;
			children = (
				03B8A18B95507F28E7121A8C /* Pods_TFYSwiftSSRUilt.framework */,
				36C567972D51F81F00857950 /* NetworkExtension.framework */,
			);
			name = Frameworks;
			sourceTree = "<group>";
		};
		363B3E922D4F6AE500BC628D = {
			isa = PBXGroup;
			children = (
				36C567C42D51F92900857950 /* TFYSwiftSSRUilt */,
				36C567CF2D51F92C00857950 /* PacketSwift */,
				363B3E9C2D4F6AE500BC628D /* Products */,
				DC88AF3896C6F8FBD085272E /* Pods */,
				1C154AF9EB5D0A8F0DBAB122 /* Frameworks */,
			);
			sourceTree = "<group>";
		};
		363B3E9C2D4F6AE500BC628D /* Products */ = {
			isa = PBXGroup;
			children = (
				363B3E9B2D4F6AE500BC628D /* TFYSwiftSSRUilt.app */,
				36C567AB2D51F85B00857950 /* PacketSwift.appex */,
			);
			name = Products;
			sourceTree = "<group>";
		};
		36C567C42D51F92900857950 /* TFYSwiftSSRUilt */ = {
			isa = PBXGroup;
			children = (
				36C567BA2D51F92900857950 /* AppDelegate.swift */,
				36C567BB2D51F92900857950 /* Assets.xcassets */,
				36C567BC2D51F92900857950 /* Info.plist */,
				36C567BE2D51F92900857950 /* LaunchScreen.storyboard */,
				36C567C02D51F92900857950 /* Main.storyboard */,
				36C567C12D51F92900857950 /* SceneDelegate.swift */,
				36C567C22D51F92900857950 /* TFYSwiftSSRUilt.entitlements */,
				36C567C32D51F92900857950 /* ViewController.swift */,
			);
			path = TFYSwiftSSRUilt;
			sourceTree = "<group>";
		};
		36C567CF2D51F92C00857950 /* PacketSwift */ = {
			isa = PBXGroup;
			children = (
				36C567CC2D51F92C00857950 /* Info.plist */,
				36C567CD2D51F92C00857950 /* PacketSwift.entitlements */,
				36C567CE2D51F92C00857950 /* PacketTunnelProvider.swift */,
			);
			path = PacketSwift;
			sourceTree = "<group>";
		};
		DC88AF3896C6F8FBD085272E /* Pods */ = {
			isa = PBXGroup;
			children = (
				282BACC2A0D204E2E3F495E0 /* Pods-TFYSwiftSSRUilt.debug.xcconfig */,
				BA9FC14F2702E846C9F5BD49 /* Pods-TFYSwiftSSRUilt.release.xcconfig */,
			);
			path = Pods;
			sourceTree = "<group>";
		};
/* End PBXGroup section */

/* Begin PBXNativeTarget section */
		363B3E9A2D4F6AE500BC628D /* TFYSwiftSSRUilt */ = {
			isa = PBXNativeTarget;
			buildConfigurationList = 363B3EAE2D4F6AE600BC628D /* Build configuration list for PBXNativeTarget "TFYSwiftSSRUilt" */;
			buildPhases = (
				5820520CA1E19FD4F889EB1B /* [CP] Check Pods Manifest.lock */,
				363B3E972D4F6AE500BC628D /* Sources */,
				363B3E982D4F6AE500BC628D /* Frameworks */,
				363B3E992D4F6AE500BC628D /* Resources */,
				6D4025F56570CE0A9D9FA3C7 /* [CP] Embed Pods Frameworks */,
				36C567A22D51F81F00857950 /* Embed Foundation Extensions */,
			);
			buildRules = (
			);
			dependencies = (
				36C567B32D51F85B00857950 /* PBXTargetDependency */,
			);
			name = TFYSwiftSSRUilt;
			productName = TFYSwiftSSRUilt;
			productReference = 363B3E9B2D4F6AE500BC628D /* TFYSwiftSSRUilt.app */;
			productType = "com.apple.product-type.application";
		};
		36C567AA2D51F85B00857950 /* PacketSwift */ = {
			isa = PBXNativeTarget;
			buildConfigurationList = 36C567B52D51F85B00857950 /* Build configuration list for PBXNativeTarget "PacketSwift" */;
			buildPhases = (
				36C567A72D51F85B00857950 /* Sources */,
				36C567A82D51F85B00857950 /* Frameworks */,
				36C567A92D51F85B00857950 /* Resources */,
			);
			buildRules = (
			);
			dependencies = (
			);
			name = PacketSwift;
			packageProductDependencies = (
			);
			productName = PacketSwift;
			productReference = 36C567AB2D51F85B00857950 /* PacketSwift.appex */;
			productType = "com.apple.product-type.app-extension";
		};
/* End PBXNativeTarget section */

/* Begin PBXProject section */
		363B3E932D4F6AE500BC628D /* Project object */ = {
			isa = PBXProject;
			attributes = {
				BuildIndependentTargetsInParallel = 1;
				LastSwiftUpdateCheck = 1620;
				LastUpgradeCheck = 1620;
				TargetAttributes = {
					363B3E9A2D4F6AE500BC628D = {
						CreatedOnToolsVersion = 16.2;
					};
					36C567AA2D51F85B00857950 = {
						CreatedOnToolsVersion = 16.2;
					};
				};
			};
			buildConfigurationList = 363B3E962D4F6AE500BC628D /* Build configuration list for PBXProject "TFYSwiftSSRUilt" */;
			compatibilityVersion = "Xcode 15.0";
			developmentRegion = en;
			hasScannedForEncodings = 0;
			knownRegions = (
				en,
				Base,
			);
			mainGroup = 363B3E922D4F6AE500BC628D;
			minimizedProjectReferenceProxies = 1;
			productRefGroup = 363B3E9C2D4F6AE500BC628D /* Products */;
			projectDirPath = "";
			projectRoot = "";
			targets = (
				363B3E9A2D4F6AE500BC628D /* TFYSwiftSSRUilt */,
				36C567AA2D51F85B00857950 /* PacketSwift */,
			);
		};
/* End PBXProject section */

/* Begin PBXResourcesBuildPhase section */
		363B3E992D4F6AE500BC628D /* Resources */ = {
			isa = PBXResourcesBuildPhase;
			buildActionMask = 2147483647;
			files = (
				36C567C52D51F92900857950 /* Assets.xcassets in Resources */,
				36C567C72D51F92900857950 /* LaunchScreen.storyboard in Resources */,
				36C567C82D51F92900857950 /* Main.storyboard in Resources */,
			);
			runOnlyForDeploymentPostprocessing = 0;
		};
		36C567A92D51F85B00857950 /* Resources */ = {
			isa = PBXResourcesBuildPhase;
			buildActionMask = 2147483647;
			files = (
			);
			runOnlyForDeploymentPostprocessing = 0;
		};
/* End PBXResourcesBuildPhase section */

/* Begin PBXShellScriptBuildPhase section */
		5820520CA1E19FD4F889EB1B /* [CP] Check Pods Manifest.lock */ = {
			isa = PBXShellScriptBuildPhase;
			buildActionMask = 2147483647;
			files = (
			);
			inputFileListPaths = (
			);
			inputPaths = (
				"${PODS_PODFILE_DIR_PATH}/Podfile.lock",
				"${PODS_ROOT}/Manifest.lock",
			);
			name = "[CP] Check Pods Manifest.lock";
			outputFileListPaths = (
			);
			outputPaths = (
				"$(DERIVED_FILE_DIR)/Pods-TFYSwiftSSRUilt-checkManifestLockResult.txt",
			);
			runOnlyForDeploymentPostprocessing = 0;
			shellPath = /bin/sh;
			shellScript = "diff \"${PODS_PODFILE_DIR_PATH}/Podfile.lock\" \"${PODS_ROOT}/Manifest.lock\" > /dev/null\nif [ $? != 0 ] ; then\n    # print error to STDERR\n    echo \"error: The sandbox is not in sync with the Podfile.lock. Run 'pod install' or update your CocoaPods installation.\" >&2\n    exit 1\nfi\n# This output is used by Xcode 'outputs' to avoid re-running this script phase.\necho \"SUCCESS\" > \"${SCRIPT_OUTPUT_FILE_0}\"\n";
			showEnvVarsInLog = 0;
		};
		6D4025F56570CE0A9D9FA3C7 /* [CP] Embed Pods Frameworks */ = {
			isa = PBXShellScriptBuildPhase;
			buildActionMask = 2147483647;
			files = (
			);
			inputFileListPaths = (
				"${PODS_ROOT}/Target Support Files/Pods-TFYSwiftSSRUilt/Pods-TFYSwiftSSRUilt-frameworks-${CONFIGURATION}-input-files.xcfilelist",
			);
			name = "[CP] Embed Pods Frameworks";
			outputFileListPaths = (
				"${PODS_ROOT}/Target Support Files/Pods-TFYSwiftSSRUilt/Pods-TFYSwiftSSRUilt-frameworks-${CONFIGURATION}-output-files.xcfilelist",
			);
			runOnlyForDeploymentPostprocessing = 0;
			shellPath = /bin/sh;
			shellScript = "\"${PODS_ROOT}/Target Support Files/Pods-TFYSwiftSSRUilt/Pods-TFYSwiftSSRUilt-frameworks.sh\"\n";
			showEnvVarsInLog = 0;
		};
/* End PBXShellScriptBuildPhase section */

/* Begin PBXSourcesBuildPhase section */
		363B3E972D4F6AE500BC628D /* Sources */ = {
			isa = PBXSourcesBuildPhase;
			buildActionMask = 2147483647;
			files = (
				36C567C92D51F92900857950 /* AppDelegate.swift in Sources */,
				36C567CA2D51F92900857950 /* SceneDelegate.swift in Sources */,
				36C567CB2D51F92900857950 /* ViewController.swift in Sources */,
			);
			runOnlyForDeploymentPostprocessing = 0;
		};
		36C567A72D51F85B00857950 /* Sources */ = {
			isa = PBXSourcesBuildPhase;
			buildActionMask = 2147483647;
			files = (
				36C567D02D51F92C00857950 /* PacketTunnelProvider.swift in Sources */,
			);
			runOnlyForDeploymentPostprocessing = 0;
		};
/* End PBXSourcesBuildPhase section */

/* Begin PBXTargetDependency section */
		36C567B32D51F85B00857950 /* PBXTargetDependency */ = {
			isa = PBXTargetDependency;
			target = 36C567AA2D51F85B00857950 /* PacketSwift */;
			targetProxy = 36C567B22D51F85B00857950 /* PBXContainerItemProxy */;
		};
/* End PBXTargetDependency section */

/* Begin PBXVariantGroup section */
		36C567BE2D51F92900857950 /* LaunchScreen.storyboard */ = {
			isa = PBXVariantGroup;
			children = (
				36C567BD2D51F92900857950 /* Base */,
			);
			name = LaunchScreen.storyboard;
			sourceTree = "<group>";
		};
		36C567C02D51F92900857950 /* Main.storyboard */ = {
			isa = PBXVariantGroup;
			children = (
				36C567BF2D51F92900857950 /* Base */,
			);
			name = Main.storyboard;
			sourceTree = "<group>";
		};
/* End PBXVariantGroup section */

/* Begin XCBuildConfiguration section */
		363B3EAF2D4F6AE600BC628D /* Debug */ = {
			isa = XCBuildConfiguration;
			baseConfigurationReference = 282BACC2A0D204E2E3F495E0 /* Pods-TFYSwiftSSRUilt.debug.xcconfig */;
			buildSettings = {
				ASSETCATALOG_COMPILER_APPICON_NAME = AppIcon;
				ASSETCATALOG_COMPILER_GLOBAL_ACCENT_COLOR_NAME = AccentColor;
				CODE_SIGN_ENTITLEMENTS = TFYSwiftSSRUilt/TFYSwiftSSRUilt.entitlements;
				CODE_SIGN_STYLE = Automatic;
				CURRENT_PROJECT_VERSION = 1;
				DEVELOPMENT_TEAM = QH95759TSS;
				GENERATE_INFOPLIST_FILE = YES;
				INFOPLIST_FILE = TFYSwiftSSRUilt/Info.plist;
				INFOPLIST_KEY_UIApplicationSupportsIndirectInputEvents = YES;
				INFOPLIST_KEY_UILaunchStoryboardName = LaunchScreen;
				INFOPLIST_KEY_UIMainStoryboardFile = Main;
				INFOPLIST_KEY_UISupportedInterfaceOrientations_iPad = "UIInterfaceOrientationPortrait UIInterfaceOrientationPortraitUpsideDown UIInterfaceOrientationLandscapeLeft UIInterfaceOrientationLandscapeRight";
				INFOPLIST_KEY_UISupportedInterfaceOrientations_iPhone = "UIInterfaceOrientationPortrait UIInterfaceOrientationLandscapeLeft UIInterfaceOrientationLandscapeRight";
				IPHONEOS_DEPLOYMENT_TARGET = 15.6;
				LD_RUNPATH_SEARCH_PATHS = (
					"$(inherited)",
					"@executable_path/Frameworks",
				);
				MARKETING_VERSION = 1.0;
				PRODUCT_BUNDLE_IDENTIFIER = coms.TFYSwiftSSRUilt;
				PRODUCT_NAME = "$(TARGET_NAME)";
				SWIFT_EMIT_LOC_STRINGS = YES;
				SWIFT_VERSION = 5.0;
				TARGETED_DEVICE_FAMILY = "1,2";
			};
			name = Debug;
		};
		363B3EB02D4F6AE600BC628D /* Release */ = {
			isa = XCBuildConfiguration;
			baseConfigurationReference = BA9FC14F2702E846C9F5BD49 /* Pods-TFYSwiftSSRUilt.release.xcconfig */;
			buildSettings = {
				ASSETCATALOG_COMPILER_APPICON_NAME = AppIcon;
				ASSETCATALOG_COMPILER_GLOBAL_ACCENT_COLOR_NAME = AccentColor;
				CODE_SIGN_ENTITLEMENTS = TFYSwiftSSRUilt/TFYSwiftSSRUilt.entitlements;
				CODE_SIGN_STYLE = Automatic;
				CURRENT_PROJECT_VERSION = 1;
				DEVELOPMENT_TEAM = QH95759TSS;
				GENERATE_INFOPLIST_FILE = YES;
				INFOPLIST_FILE = TFYSwiftSSRUilt/Info.plist;
				INFOPLIST_KEY_UIApplicationSupportsIndirectInputEvents = YES;
				INFOPLIST_KEY_UILaunchStoryboardName = LaunchScreen;
				INFOPLIST_KEY_UIMainStoryboardFile = Main;
				INFOPLIST_KEY_UISupportedInterfaceOrientations_iPad = "UIInterfaceOrientationPortrait UIInterfaceOrientationPortraitUpsideDown UIInterfaceOrientationLandscapeLeft UIInterfaceOrientationLandscapeRight";
				INFOPLIST_KEY_UISupportedInterfaceOrientations_iPhone = "UIInterfaceOrientationPortrait UIInterfaceOrientationLandscapeLeft UIInterfaceOrientationLandscapeRight";
				IPHONEOS_DEPLOYMENT_TARGET = 15.6;
				LD_RUNPATH_SEARCH_PATHS = (
					"$(inherited)",
					"@executable_path/Frameworks",
				);
				MARKETING_VERSION = 1.0;
				PRODUCT_BUNDLE_IDENTIFIER = coms.TFYSwiftSSRUilt;
				PRODUCT_NAME = "$(TARGET_NAME)";
				SWIFT_EMIT_LOC_STRINGS = YES;
				SWIFT_VERSION = 5.0;
				TARGETED_DEVICE_FAMILY = "1,2";
			};
			name = Release;
		};
		363B3EB12D4F6AE600BC628D /* Debug */ = {
			isa = XCBuildConfiguration;
			buildSettings = {
				ALWAYS_SEARCH_USER_PATHS = NO;
				ASSETCATALOG_COMPILER_GENERATE_SWIFT_ASSET_SYMBOL_EXTENSIONS = YES;
				CLANG_ANALYZER_NONNULL = YES;
				CLANG_ANALYZER_NUMBER_OBJECT_CONVERSION = YES_AGGRESSIVE;
				CLANG_CXX_LANGUAGE_STANDARD = "gnu++20";
				CLANG_ENABLE_MODULES = YES;
				CLANG_ENABLE_OBJC_ARC = YES;
				CLANG_ENABLE_OBJC_WEAK = YES;
				CLANG_WARN_BLOCK_CAPTURE_AUTORELEASING = YES;
				CLANG_WARN_BOOL_CONVERSION = YES;
				CLANG_WARN_COMMA = YES;
				CLANG_WARN_CONSTANT_CONVERSION = YES;
				CLANG_WARN_DEPRECATED_OBJC_IMPLEMENTATIONS = YES;
				CLANG_WARN_DIRECT_OBJC_ISA_USAGE = YES_ERROR;
				CLANG_WARN_DOCUMENTATION_COMMENTS = YES;
				CLANG_WARN_EMPTY_BODY = YES;
				CLANG_WARN_ENUM_CONVERSION = YES;
				CLANG_WARN_INFINITE_RECURSION = YES;
				CLANG_WARN_INT_CONVERSION = YES;
				CLANG_WARN_NON_LITERAL_NULL_CONVERSION = YES;
				CLANG_WARN_OBJC_IMPLICIT_RETAIN_SELF = YES;
				CLANG_WARN_OBJC_LITERAL_CONVERSION = YES;
				CLANG_WARN_OBJC_ROOT_CLASS = YES_ERROR;
				CLANG_WARN_QUOTED_INCLUDE_IN_FRAMEWORK_HEADER = YES;
				CLANG_WARN_RANGE_LOOP_ANALYSIS = YES;
				CLANG_WARN_STRICT_PROTOTYPES = YES;
				CLANG_WARN_SUSPICIOUS_MOVE = YES;
				CLANG_WARN_UNGUARDED_AVAILABILITY = YES_AGGRESSIVE;
				CLANG_WARN_UNREACHABLE_CODE = YES;
				CLANG_WARN__DUPLICATE_METHOD_MATCH = YES;
				COPY_PHASE_STRIP = NO;
				DEBUG_INFORMATION_FORMAT = dwarf;
				ENABLE_STRICT_OBJC_MSGSEND = YES;
				ENABLE_TESTABILITY = YES;
				ENABLE_USER_SCRIPT_SANDBOXING = YES;
				GCC_C_LANGUAGE_STANDARD = gnu17;
				GCC_DYNAMIC_NO_PIC = NO;
				GCC_NO_COMMON_BLOCKS = YES;
				GCC_OPTIMIZATION_LEVEL = 0;
				GCC_PREPROCESSOR_DEFINITIONS = (
					"DEBUG=1",
					"$(inherited)",
				);
				GCC_WARN_64_TO_32_BIT_CONVERSION = YES;
				GCC_WARN_ABOUT_RETURN_TYPE = YES_ERROR;
				GCC_WARN_UNDECLARED_SELECTOR = YES;
				GCC_WARN_UNINITIALIZED_AUTOS = YES_AGGRESSIVE;
				GCC_WARN_UNUSED_FUNCTION = YES;
				GCC_WARN_UNUSED_VARIABLE = YES;
				IPHONEOS_DEPLOYMENT_TARGET = 18.2;
				LOCALIZATION_PREFERS_STRING_CATALOGS = YES;
				MTL_ENABLE_DEBUG_INFO = INCLUDE_SOURCE;
				MTL_FAST_MATH = YES;
				ONLY_ACTIVE_ARCH = YES;
				SDKROOT = iphoneos;
				SWIFT_ACTIVE_COMPILATION_CONDITIONS = "DEBUG $(inherited)";
				SWIFT_OPTIMIZATION_LEVEL = "-Onone";
			};
			name = Debug;
		};
		363B3EB22D4F6AE600BC628D /* Release */ = {
			isa = XCBuildConfiguration;
			buildSettings = {
				ALWAYS_SEARCH_USER_PATHS = NO;
				ASSETCATALOG_COMPILER_GENERATE_SWIFT_ASSET_SYMBOL_EXTENSIONS = YES;
				CLANG_ANALYZER_NONNULL = YES;
				CLANG_ANALYZER_NUMBER_OBJECT_CONVERSION = YES_AGGRESSIVE;
				CLANG_CXX_LANGUAGE_STANDARD = "gnu++20";
				CLANG_ENABLE_MODULES = YES;
				CLANG_ENABLE_OBJC_ARC = YES;
				CLANG_ENABLE_OBJC_WEAK = YES;
				CLANG_WARN_BLOCK_CAPTURE_AUTORELEASING = YES;
				CLANG_WARN_BOOL_CONVERSION = YES;
				CLANG_WARN_COMMA = YES;
				CLANG_WARN_CONSTANT_CONVERSION = YES;
				CLANG_WARN_DEPRECATED_OBJC_IMPLEMENTATIONS = YES;
				CLANG_WARN_DIRECT_OBJC_ISA_USAGE = YES_ERROR;
				CLANG_WARN_DOCUMENTATION_COMMENTS = YES;
				CLANG_WARN_EMPTY_BODY = YES;
				CLANG_WARN_ENUM_CONVERSION = YES;
				CLANG_WARN_INFINITE_RECURSION = YES;
				CLANG_WARN_INT_CONVERSION = YES;
				CLANG_WARN_NON_LITERAL_NULL_CONVERSION = YES;
				CLANG_WARN_OBJC_IMPLICIT_RETAIN_SELF = YES;
				CLANG_WARN_OBJC_LITERAL_CONVERSION = YES;
				CLANG_WARN_OBJC_ROOT_CLASS = YES_ERROR;
				CLANG_WARN_QUOTED_INCLUDE_IN_FRAMEWORK_HEADER = YES;
				CLANG_WARN_RANGE_LOOP_ANALYSIS = YES;
				CLANG_WARN_STRICT_PROTOTYPES = YES;
				CLANG_WARN_SUSPICIOUS_MOVE = YES;
				CLANG_WARN_UNGUARDED_AVAILABILITY = YES_AGGRESSIVE;
				CLANG_WARN_UNREACHABLE_CODE = YES;
				CLANG_WARN__DUPLICATE_METHOD_MATCH = YES;
				COPY_PHASE_STRIP = NO;
				DEBUG_INFORMATION_FORMAT = "dwarf-with-dsym";
				ENABLE_NS_ASSERTIONS = NO;
				ENABLE_STRICT_OBJC_MSGSEND = YES;
				ENABLE_USER_SCRIPT_SANDBOXING = YES;
				GCC_C_LANGUAGE_STANDARD = gnu17;
				GCC_NO_COMMON_BLOCKS = YES;
				GCC_WARN_64_TO_32_BIT_CONVERSION = YES;
				GCC_WARN_ABOUT_RETURN_TYPE = YES_ERROR;
				GCC_WARN_UNDECLARED_SELECTOR = YES;
				GCC_WARN_UNINITIALIZED_AUTOS = YES_AGGRESSIVE;
				GCC_WARN_UNUSED_FUNCTION = YES;
				GCC_WARN_UNUSED_VARIABLE = YES;
				IPHONEOS_DEPLOYMENT_TARGET = 18.2;
				LOCALIZATION_PREFERS_STRING_CATALOGS = YES;
				MTL_ENABLE_DEBUG_INFO = NO;
				MTL_FAST_MATH = YES;
				SDKROOT = iphoneos;
				SWIFT_COMPILATION_MODE = wholemodule;
				VALIDATE_PRODUCT = YES;
			};
			name = Release;
		};
		36C567B62D51F85B00857950 /* Debug */ = {
			isa = XCBuildConfiguration;
			buildSettings = {
				CODE_SIGN_ENTITLEMENTS = PacketSwift/PacketSwift.entitlements;
				CODE_SIGN_STYLE = Automatic;
				CURRENT_PROJECT_VERSION = 1;
				DEVELOPMENT_TEAM = QH95759TSS;
				GENERATE_INFOPLIST_FILE = YES;
				INFOPLIST_FILE = PacketSwift/Info.plist;
				INFOPLIST_KEY_CFBundleDisplayName = PacketSwift;
				INFOPLIST_KEY_NSHumanReadableCopyright = "";
				IPHONEOS_DEPLOYMENT_TARGET = 15.6;
				LD_RUNPATH_SEARCH_PATHS = (
					"$(inherited)",
					"@executable_path/Frameworks",
					"@executable_path/../../Frameworks",
				);
				MARKETING_VERSION = 1.0;
				PRODUCT_BUNDLE_IDENTIFIER = coms.TFYSwiftSSRUilt.PacketSwift;
				PRODUCT_NAME = "$(TARGET_NAME)";
				SKIP_INSTALL = YES;
				SWIFT_EMIT_LOC_STRINGS = YES;
				SWIFT_VERSION = 5.0;
				TARGETED_DEVICE_FAMILY = "1,2";
			};
			name = Debug;
		};
		36C567B72D51F85B00857950 /* Release */ = {
			isa = XCBuildConfiguration;
			buildSettings = {
				CODE_SIGN_ENTITLEMENTS = PacketSwift/PacketSwift.entitlements;
				CODE_SIGN_STYLE = Automatic;
				CURRENT_PROJECT_VERSION = 1;
				DEVELOPMENT_TEAM = QH95759TSS;
				GENERATE_INFOPLIST_FILE = YES;
				INFOPLIST_FILE = PacketSwift/Info.plist;
				INFOPLIST_KEY_CFBundleDisplayName = PacketSwift;
				INFOPLIST_KEY_NSHumanReadableCopyright = "";
				IPHONEOS_DEPLOYMENT_TARGET = 15.6;
				LD_RUNPATH_SEARCH_PATHS = (
					"$(inherited)",
					"@executable_path/Frameworks",
					"@executable_path/../../Frameworks",
				);
				MARKETING_VERSION = 1.0;
				PRODUCT_BUNDLE_IDENTIFIER = coms.TFYSwiftSSRUilt.PacketSwift;
				PRODUCT_NAME = "$(TARGET_NAME)";
				SKIP_INSTALL = YES;
				SWIFT_EMIT_LOC_STRINGS = YES;
				SWIFT_VERSION = 5.0;
				TARGETED_DEVICE_FAMILY = "1,2";
			};
			name = Release;
		};
/* End XCBuildConfiguration section */

/* Begin XCConfigurationList section */
		363B3E962D4F6AE500BC628D /* Build configuration list for PBXProject "TFYSwiftSSRUilt" */ = {
			isa = XCConfigurationList;
			buildConfigurations = (
				363B3EB12D4F6AE600BC628D /* Debug */,
				363B3EB22D4F6AE600BC628D /* Release */,
			);
			defaultConfigurationIsVisible = 0;
			defaultConfigurationName = Release;
		};
		363B3EAE2D4F6AE600BC628D /* Build configuration list for PBXNativeTarget "TFYSwiftSSRUilt" */ = {
			isa = XCConfigurationList;
			buildConfigurations = (
				363B3EAF2D4F6AE600BC628D /* Debug */,
				363B3EB02D4F6AE600BC628D /* Release */,
			);
			defaultConfigurationIsVisible = 0;
			defaultConfigurationName = Release;
		};
		36C567B52D51F85B00857950 /* Build configuration list for PBXNativeTarget "PacketSwift" */ = {
			isa = XCConfigurationList;
			buildConfigurations = (
				36C567B62D51F85B00857950 /* Debug */,
				36C567B72D51F85B00857950 /* Release */,
			);
			defaultConfigurationIsVisible = 0;
			defaultConfigurationName = Release;
		};
/* End XCConfigurationList section */
	};
	rootObject = 363B3E932D4F6AE500BC628D /* Project object */;
}
