PODS:
  - CocoaAsyncSocket (7.6.5)
  - MMWormhole (2.0.0):
    - MMWormhole/Core (= 2.0.0)
  - MMWormhole/Core (2.0.0)
  - TFYSwiftSSRKit (1.0.0):
    - CocoaAsyncSocket (~> 7.6.5)
    - MMWormhole (~> 2.0.0)

DEPENDENCIES:
  - TFYSwiftSSRKit (from `./TFYSwiftSSRKit`)

SPEC REPOS:
  https://github.com/CocoaPods/Specs.git:
    - CocoaAsyncSocket
    - MMWormhole

EXTERNAL SOURCES:
  TFYSwiftSSRKit:
    :path: "./TFYSwiftSSRKit"

SPEC CHECKSUMS:
  CocoaAsyncSocket: 065fd1e645c7abab64f7a6a2007a48038fdc6a99
  MMWormhole: 0cd3fd35a9118b2e2d762b499f54eeaace0be791
  TFYSwiftSSRKit: 2b54ef59d8528156c207c030261017465874220c

PODFILE CHECKSUM: 66de4cb0f2c9cc4ee7205be4c689d7a2328e85f2

COCOAPODS: 1.16.2
