PODS:
  - TFYSwiftSSRKit (1.0.9):
    - TFYSwiftSSRKit/shadowsocks-libev (= 1.0.9)
    - TFYSwiftSSRKit/shadowsocks-rust (= 1.0.9)
  - TFYSwiftSSRKit/shadowsocks-libev (1.0.9)
  - TFYSwiftSSRKit/shadowsocks-rust (1.0.9)

DEPENDENCIES:
  - TFYSwiftSSRKit (from `./`)

EXTERNAL SOURCES:
  TFYSwiftSSRKit:
    :path: "./"

SPEC CHECKSUMS:
  TFYSwiftSSRKit: ed0b60e79b3543c39a6fe7dcaebecfcf4d720e46

PODFILE CHECKSUM: c18d9b8f03c0e776594d3ee5c9e24aa8ebcc4132

COCOAPODS: 1.16.2
