PODS:
  - CocoaAsyncSocket (7.6.5)
  - MMWormhole (2.0.0):
    - MMWormhole/Core (= 2.0.0)
  - MMWormhole/Core (2.0.0)
  - TFYSwiftSSRKit (1.0.3):
    - CocoaAsyncSocket
    - MMWormhole

DEPENDENCIES:
  - CocoaAsyncSocket
  - MMWormhole
  - TFYSwiftSSRKit (from `./`)

SPEC REPOS:
  https://github.com/CocoaPods/Specs.git:
    - CocoaAsyncSocket
    - MMWormhole

EXTERNAL SOURCES:
  TFYSwiftSSRKit:
    :path: "./"

SPEC CHECKSUMS:
  CocoaAsyncSocket: 065fd1e645c7abab64f7a6a2007a48038fdc6a99
  MMWormhole: 0cd3fd35a9118b2e2d762b499f54eeaace0be791
  TFYSwiftSSRKit: 8dc6161c6f17700a2eaf651b9f97eedb4f7c1585

PODFILE CHECKSUM: 4e92752a1a4013cd8d75d1ee694a8f0e89c2ceb7

COCOAPODS: 1.16.2
